// !$*UTF8*$!
{
	archiveVersion = 1;
	classes = {
	};
	objectVersion = 56;
	objects = {

/* Begin PBXBuildFile section */
		04E027B329E8842500F35ECD /* CircleImage.swift in Sources */ = {isa = PBXBuildFile; fileRef = 04E027B229E8842500F35ECD /* CircleImage.swift */; };
		04E027B529E8854400F35ECD /* MapView.swift in Sources */ = {isa = PBXBuildFile; fileRef = 04E027B429E8854400F35ECD /* MapView.swift */; };
		04E027B929E9898500F35ECD /* Landmark.swift in Sources */ = {isa = PBXBuildFile; fileRef = 04E027B829E9898500F35ECD /* Landmark.swift */; };
		04E027BD29E98D8200F35ECD /* ModelData.swift in Sources */ = {isa = PBXBuildFile; fileRef = 04E027BC29E98D8200F35ECD /* ModelData.swift */; };
		04E027C329E9944400F35ECD /* LandmarkRow.swift in Sources */ = {isa = PBXBuildFile; fileRef = 04E027C229E9944400F35ECD /* LandmarkRow.swift */; };
		04E027C529E997A700F35ECD /* LandmarkList.swift in Sources */ = {isa = PBXBuildFile; fileRef = 04E027C429E997A700F35ECD /* LandmarkList.swift */; };
		04E027C729E99D5E00F35ECD /* LandmarkDetail.swift in Sources */ = {isa = PBXBuildFile; fileRef = 04E027C629E99D5E00F35ECD /* LandmarkDetail.swift */; };
		04E027C929E9D60900F35ECD /* FavoriteButton.swift in Sources */ = {isa = PBXBuildFile; fileRef = 04E027C829E9D60900F35ECD /* FavoriteButton.swift */; };
		04E027CD29E9DBE100F35ECD /* HexagonParameters.swift in Sources */ = {isa = PBXBuildFile; fileRef = 04E027CC29E9DBE100F35ECD /* HexagonParameters.swift */; };
		04E027CF29E9DD0B00F35ECD /* BadgeBackground.swift in Sources */ = {isa = PBXBuildFile; fileRef = 04E027CE29E9DD0B00F35ECD /* BadgeBackground.swift */; };
		04FD64AC29E4F91A00C99621 /* _706012110048_JovanLouisLemuel_AFL3App.swift in Sources */ = {isa = PBXBuildFile; fileRef = 04FD64AB29E4F91A00C99621 /* _706012110048_JovanLouisLemuel_AFL3App.swift */; };
		04FD64AE29E4F91A00C99621 /* ContentView.swift in Sources */ = {isa = PBXBuildFile; fileRef = 04FD64AD29E4F91A00C99621 /* ContentView.swift */; };
		04FD64B029E4F91B00C99621 /* Assets.xcassets in Resources */ = {isa = PBXBuildFile; fileRef = 04FD64AF29E4F91B00C99621 /* Assets.xcassets */; };
		04FD64B329E4F91B00C99621 /* Preview Assets.xcassets in Resources */ = {isa = PBXBuildFile; fileRef = 04FD64B229E4F91B00C99621 /* Preview Assets.xcassets */; };
/* End PBXBuildFile section */

/* Begin PBXFileReference section */
		04E027B229E8842500F35ECD /* CircleImage.swift */ = {isa = PBXFileReference; lastKnownFileType = sourcecode.swift; path = CircleImage.swift; sourceTree = "<group>"; };
		04E027B429E8854400F35ECD /* MapView.swift */ = {isa = PBXFileReference; lastKnownFileType = sourcecode.swift; path = MapView.swift; sourceTree = "<group>"; };
		04E027B829E9898500F35ECD /* Landmark.swift */ = {isa = PBXFileReference; lastKnownFileType = sourcecode.swift; path = Landmark.swift; sourceTree = "<group>"; };
		04E027BC29E98D8200F35ECD /* ModelData.swift */ = {isa = PBXFileReference; lastKnownFileType = sourcecode.swift; path = ModelData.swift; sourceTree = "<group>"; };
		04E027C129E98FBA00F35ECD /* landmarkData.json */ = {isa = PBXFileReference; lastKnownFileType = text.json; path = landmarkData.json; sourceTree = "<group>"; };
		04E027C229E9944400F35ECD /* LandmarkRow.swift */ = {isa = PBXFileReference; lastKnownFileType = sourcecode.swift; path = LandmarkRow.swift; sourceTree = "<group>"; };
		04E027C429E997A700F35ECD /* LandmarkList.swift */ = {isa = PBXFileReference; lastKnownFileType = sourcecode.swift; path = LandmarkList.swift; sourceTree = "<group>"; };
		04E027C629E99D5E00F35ECD /* LandmarkDetail.swift */ = {isa = PBXFileReference; lastKnownFileType = sourcecode.swift; path = LandmarkDetail.swift; sourceTree = "<group>"; };
		04E027C829E9D60900F35ECD /* FavoriteButton.swift */ = {isa = PBXFileReference; lastKnownFileType = sourcecode.swift; path = FavoriteButton.swift; sourceTree = "<group>"; };
		04E027CC29E9DBE100F35ECD /* HexagonParameters.swift */ = {isa = PBXFileReference; lastKnownFileType = sourcecode.swift; path = HexagonParameters.swift; sourceTree = "<group>"; };
		04E027CE29E9DD0B00F35ECD /* BadgeBackground.swift */ = {isa = PBXFileReference; lastKnownFileType = sourcecode.swift; path = BadgeBackground.swift; sourceTree = "<group>"; };
		04FD64A829E4F91A00C99621 /* 0706012110048-JovanLouisLemuel-AFL3.app */ = {isa = PBXFileReference; explicitFileType = wrapper.application; includeInIndex = 0; path = "0706012110048-JovanLouisLemuel-AFL3.app"; sourceTree = BUILT_PRODUCTS_DIR; };
		04FD64AB29E4F91A00C99621 /* _706012110048_JovanLouisLemuel_AFL3App.swift */ = {isa = PBXFileReference; lastKnownFileType = sourcecode.swift; path = _706012110048_JovanLouisLemuel_AFL3App.swift; sourceTree = "<group>"; };
		04FD64AD29E4F91A00C99621 /* ContentView.swift */ = {isa = PBXFileReference; lastKnownFileType = sourcecode.swift; path = ContentView.swift; sourceTree = "<group>"; };
		04FD64AF29E4F91B00C99621 /* Assets.xcassets */ = {isa = PBXFileReference; lastKnownFileType = folder.assetcatalog; path = Assets.xcassets; sourceTree = "<group>"; };
		04FD64B229E4F91B00C99621 /* Preview Assets.xcassets */ = {isa = PBXFileReference; lastKnownFileType = folder.assetcatalog; path = "Preview Assets.xcassets"; sourceTree = "<group>"; };
/* End PBXFileReference section */

/* Begin PBXFrameworksBuildPhase section */
		04FD64A529E4F91A00C99621 /* Frameworks */ = {
			isa = PBXFrameworksBuildPhase;
			buildActionMask = 2147483647;
			files = (
			);
			runOnlyForDeploymentPostprocessing = 0;
		};
/* End PBXFrameworksBuildPhase section */

/* Begin PBXGroup section */
		04E027BE29E98F7500F35ECD /* Model */ = {
			isa = PBXGroup;
			children = (
				04E027B829E9898500F35ECD /* Landmark.swift */,
				04E027BC29E98D8200F35ECD /* ModelData.swift */,
			);
			path = Model;
			sourceTree = "<group>";
		};
		04E027BF29E98F9500F35ECD /* Views */ = {
			isa = PBXGroup;
			children = (
				04FD64AD29E4F91A00C99621 /* ContentView.swift */,
				04E027CB29E9D71700F35ECD /* Landmarks */,
				04E027CA29E9D6C400F35ECD /* Helpers */,
				04E027CC29E9DBE100F35ECD /* HexagonParameters.swift */,
				04E027CE29E9DD0B00F35ECD /* BadgeBackground.swift */,
			);
			path = Views;
			sourceTree = "<group>";
		};
		04E027C029E98FBA00F35ECD /* Resources */ = {
			isa = PBXGroup;
			children = (
				04E027C129E98FBA00F35ECD /* landmarkData.json */,
			);
			path = Resources;
			sourceTree = "<group>";
		};
		04E027CA29E9D6C400F35ECD /* Helpers */ = {
			isa = PBXGroup;
			children = (
				04E027B229E8842500F35ECD /* CircleImage.swift */,
				04E027B429E8854400F35ECD /* MapView.swift */,
				04E027C829E9D60900F35ECD /* FavoriteButton.swift */,
			);
			path = Helpers;
			sourceTree = "<group>";
		};
		04E027CB29E9D71700F35ECD /* Landmarks */ = {
			isa = PBXGroup;
			children = (
				04E027C229E9944400F35ECD /* LandmarkRow.swift */,
				04E027C429E997A700F35ECD /* LandmarkList.swift */,
				04E027C629E99D5E00F35ECD /* LandmarkDetail.swift */,
			);
			path = Landmarks;
			sourceTree = "<group>";
		};
		04FD649F29E4F91A00C99621 = {
			isa = PBXGroup;
			children = (
				04FD64AA29E4F91A00C99621 /* 0706012110048-JovanLouisLemuel-AFL3 */,
				04FD64A929E4F91A00C99621 /* Products */,
			);
			sourceTree = "<group>";
		};
		04FD64A929E4F91A00C99621 /* Products */ = {
			isa = PBXGroup;
			children = (
				04FD64A829E4F91A00C99621 /* 0706012110048-JovanLouisLemuel-AFL3.app */,
			);
			name = Products;
			sourceTree = "<group>";
		};
		04FD64AA29E4F91A00C99621 /* 0706012110048-JovanLouisLemuel-AFL3 */ = {
			isa = PBXGroup;
			children = (
				04FD64AB29E4F91A00C99621 /* _706012110048_JovanLouisLemuel_AFL3App.swift */,
				04E027BF29E98F9500F35ECD /* Views */,
				04E027BE29E98F7500F35ECD /* Model */,
				04E027C029E98FBA00F35ECD /* Resources */,
				04FD64AF29E4F91B00C99621 /* Assets.xcassets */,
				04FD64B129E4F91B00C99621 /* Preview Content */,
			);
			path = "0706012110048-JovanLouisLemuel-AFL3";
			sourceTree = "<group>";
		};
		04FD64B129E4F91B00C99621 /* Preview Content */ = {
			isa = PBXGroup;
			children = (
				04FD64B229E4F91B00C99621 /* Preview Assets.xcassets */,
			);
			path = "Preview Content";
			sourceTree = "<group>";
		};
/* End PBXGroup section */

/* Begin PBXNativeTarget section */
		04FD64A729E4F91A00C99621 /* 0706012110048-JovanLouisLemuel-AFL3 */ = {
			isa = PBXNativeTarget;
			buildConfigurationList = 04FD64B629E4F91B00C99621 /* Build configuration list for PBXNativeTarget "0706012110048-JovanLouisLemuel-AFL3" */;
			buildPhases = (
				04FD64A429E4F91A00C99621 /* Sources */,
				04FD64A529E4F91A00C99621 /* Frameworks */,
				04FD64A629E4F91A00C99621 /* Resources */,
			);
			buildRules = (
			);
			dependencies = (
			);
			name = "0706012110048-JovanLouisLemuel-AFL3";
			productName = "0706012110048-JovanLouisLemuel-AFL3";
			productReference = 04FD64A829E4F91A00C99621 /* 0706012110048-JovanLouisLemuel-AFL3.app */;
			productType = "com.apple.product-type.application";
		};
/* End PBXNativeTarget section */

/* Begin PBXProject section */
		04FD64A029E4F91A00C99621 /* Project object */ = {
			isa = PBXProject;
			attributes = {
				BuildIndependentTargetsInParallel = 1;
				LastSwiftUpdateCheck = 1420;
				LastUpgradeCheck = 1420;
				TargetAttributes = {
					04FD64A729E4F91A00C99621 = {
						CreatedOnToolsVersion = 14.2;
					};
				};
			};
			buildConfigurationList = 04FD64A329E4F91A00C99621 /* Build configuration list for PBXProject "0706012110048-JovanLouisLemuel-AFL3" */;
			compatibilityVersion = "Xcode 14.0";
			developmentRegion = en;
			hasScannedForEncodings = 0;
			knownRegions = (
				en,
				Base,
			);
			mainGroup = 04FD649F29E4F91A00C99621;
			productRefGroup = 04FD64A929E4F91A00C99621 /* Products */;
			projectDirPath = "";
			projectRoot = "";
			targets = (
				04FD64A729E4F91A00C99621 /* 0706012110048-JovanLouisLemuel-AFL3 */,
			);
		};
/* End PBXProject section */

/* Begin PBXResourcesBuildPhase section */
		04FD64A629E4F91A00C99621 /* Resources */ = {
			isa = PBXResourcesBuildPhase;
			buildActionMask = 2147483647;
			files = (
				04FD64B329E4F91B00C99621 /* Preview Assets.xcassets in Resources */,
				04FD64B029E4F91B00C99621 /* Assets.xcassets in Resources */,
			);
			runOnlyForDeploymentPostprocessing = 0;
		};
/* End PBXResourcesBuildPhase section */

/* Begin PBXSourcesBuildPhase section */
		04FD64A429E4F91A00C99621 /* Sources */ = {
			isa = PBXSourcesBuildPhase;
			buildActionMask = 2147483647;
			files = (
				04FD64AE29E4F91A00C99621 /* ContentView.swift in Sources */,
				04E027B529E8854400F35ECD /* MapView.swift in Sources */,
				04FD64AC29E4F91A00C99621 /* _706012110048_JovanLouisLemuel_AFL3App.swift in Sources */,
				04E027C929E9D60900F35ECD /* FavoriteButton.swift in Sources */,
				04E027CD29E9DBE100F35ECD /* HexagonParameters.swift in Sources */,
				04E027C529E997A700F35ECD /* LandmarkList.swift in Sources */,
				04E027C729E99D5E00F35ECD /* LandmarkDetail.swift in Sources */,
				04E027CF29E9DD0B00F35ECD /* BadgeBackground.swift in Sources */,
				04E027B329E8842500F35ECD /* CircleImage.swift in Sources */,
				04E027B929E9898500F35ECD /* Landmark.swift in Sources */,
				04E027C329E9944400F35ECD /* LandmarkRow.swift in Sources */,
				04E027BD29E98D8200F35ECD /* ModelData.swift in Sources */,
			);
			runOnlyForDeploymentPostprocessing = 0;
		};
/* End PBXSourcesBuildPhase section */

/* Begin XCBuildConfiguration section */
		04FD64B429E4F91B00C99621 /* Debug */ = {
			isa = XCBuildConfiguration;
			buildSettings = {
				ALWAYS_SEARCH_USER_PATHS = NO;
				CLANG_ANALYZER_NONNULL = YES;
				CLANG_ANALYZER_NUMBER_OBJECT_CONVERSION = YES_AGGRESSIVE;
				CLANG_CXX_LANGUAGE_STANDARD = "gnu++20";
				CLANG_ENABLE_MODULES = YES;
				CLANG_ENABLE_OBJC_ARC = YES;
				CLANG_ENABLE_OBJC_WEAK = YES;
				CLANG_WARN_BLOCK_CAPTURE_AUTORELEASING = YES;
				CLANG_WARN_BOOL_CONVERSION = YES;
				CLANG_WARN_COMMA = YES;
				CLANG_WARN_CONSTANT_CONVERSION = YES;
				CLANG_WARN_DEPRECATED_OBJC_IMPLEMENTATIONS = YES;
				CLANG_WARN_DIRECT_OBJC_ISA_USAGE = YES_ERROR;
				CLANG_WARN_DOCUMENTATION_COMMENTS = YES;
				CLANG_WARN_EMPTY_BODY = YES;
				CLANG_WARN_ENUM_CONVERSION = YES;
				CLANG_WARN_INFINITE_RECURSION = YES;
				CLANG_WARN_INT_CONVERSION = YES;
				CLANG_WARN_NON_LITERAL_NULL_CONVERSION = YES;
				CLANG_WARN_OBJC_IMPLICIT_RETAIN_SELF = YES;
				CLANG_WARN_OBJC_LITERAL_CONVERSION = YES;
				CLANG_WARN_OBJC_ROOT_CLASS = YES_ERROR;
				CLANG_WARN_QUOTED_INCLUDE_IN_FRAMEWORK_HEADER = YES;
				CLANG_WARN_RANGE_LOOP_ANALYSIS = YES;
				CLANG_WARN_STRICT_PROTOTYPES = YES;
				CLANG_WARN_SUSPICIOUS_MOVE = YES;
				CLANG_WARN_UNGUARDED_AVAILABILITY = YES_AGGRESSIVE;
				CLANG_WARN_UNREACHABLE_CODE = YES;
				CLANG_WARN__DUPLICATE_METHOD_MATCH = YES;
				COPY_PHASE_STRIP = NO;
				DEBUG_INFORMATION_FORMAT = dwarf;
				ENABLE_STRICT_OBJC_MSGSEND = YES;
				ENABLE_TESTABILITY = YES;
				GCC_C_LANGUAGE_STANDARD = gnu11;
				GCC_DYNAMIC_NO_PIC = NO;
				GCC_NO_COMMON_BLOCKS = YES;
				GCC_OPTIMIZATION_LEVEL = 0;
				GCC_PREPROCESSOR_DEFINITIONS = (
					"DEBUG=1",
					"$(inherited)",
				);
				GCC_WARN_64_TO_32_BIT_CONVERSION = YES;
				GCC_WARN_ABOUT_RETURN_TYPE = YES_ERROR;
				GCC_WARN_UNDECLARED_SELECTOR = YES;
				GCC_WARN_UNINITIALIZED_AUTOS = YES_AGGRESSIVE;
				GCC_WARN_UNUSED_FUNCTION = YES;
				GCC_WARN_UNUSED_VARIABLE = YES;
				IPHONEOS_DEPLOYMENT_TARGET = 16.2;
				MTL_ENABLE_DEBUG_INFO = INCLUDE_SOURCE;
				MTL_FAST_MATH = YES;
				ONLY_ACTIVE_ARCH = YES;
				SDKROOT = iphoneos;
				SWIFT_ACTIVE_COMPILATION_CONDITIONS = DEBUG;
				SWIFT_OPTIMIZATION_LEVEL = "-Onone";
			};
			name = Debug;
		};
		04FD64B529E4F91B00C99621 /* Release */ = {
			isa = XCBuildConfiguration;
			buildSettings = {
				ALWAYS_SEARCH_USER_PATHS = NO;
				CLANG_ANALYZER_NONNULL = YES;
				CLANG_ANALYZER_NUMBER_OBJECT_CONVERSION = YES_AGGRESSIVE;
				CLANG_CXX_LANGUAGE_STANDARD = "gnu++20";
				CLANG_ENABLE_MODULES = YES;
				CLANG_ENABLE_OBJC_ARC = YES;
				CLANG_ENABLE_OBJC_WEAK = YES;
				CLANG_WARN_BLOCK_CAPTURE_AUTORELEASING = YES;
				CLANG_WARN_BOOL_CONVERSION = YES;
				CLANG_WARN_COMMA = YES;
				CLANG_WARN_CONSTANT_CONVERSION = YES;
				CLANG_WARN_DEPRECATED_OBJC_IMPLEMENTATIONS = YES;
				CLANG_WARN_DIRECT_OBJC_ISA_USAGE = YES_ERROR;
				CLANG_WARN_DOCUMENTATION_COMMENTS = YES;
				CLANG_WARN_EMPTY_BODY = YES;
				CLANG_WARN_ENUM_CONVERSION = YES;
				CLANG_WARN_INFINITE_RECURSION = YES;
				CLANG_WARN_INT_CONVERSION = YES;
				CLANG_WARN_NON_LITERAL_NULL_CONVERSION = YES;
				CLANG_WARN_OBJC_IMPLICIT_RETAIN_SELF = YES;
				CLANG_WARN_OBJC_LITERAL_CONVERSION = YES;
				CLANG_WARN_OBJC_ROOT_CLASS = YES_ERROR;
				CLANG_WARN_QUOTED_INCLUDE_IN_FRAMEWORK_HEADER = YES;
				CLANG_WARN_RANGE_LOOP_ANALYSIS = YES;
				CLANG_WARN_STRICT_PROTOTYPES = YES;
				CLANG_WARN_SUSPICIOUS_MOVE = YES;
				CLANG_WARN_UNGUARDED_AVAILABILITY = YES_AGGRESSIVE;
				CLANG_WARN_UNREACHABLE_CODE = YES;
				CLANG_WARN__DUPLICATE_METHOD_MATCH = YES;
				COPY_PHASE_STRIP = NO;
				DEBUG_INFORMATION_FORMAT = "dwarf-with-dsym";
				ENABLE_NS_ASSERTIONS = NO;
				ENABLE_STRICT_OBJC_MSGSEND = YES;
				GCC_C_LANGUAGE_STANDARD = gnu11;
				GCC_NO_COMMON_BLOCKS = YES;
				GCC_WARN_64_TO_32_BIT_CONVERSION = YES;
				GCC_WARN_ABOUT_RETURN_TYPE = YES_ERROR;
				GCC_WARN_UNDECLARED_SELECTOR = YES;
				GCC_WARN_UNINITIALIZED_AUTOS = YES_AGGRESSIVE;
				GCC_WARN_UNUSED_FUNCTION = YES;
				GCC_WARN_UNUSED_VARIABLE = YES;
				IPHONEOS_DEPLOYMENT_TARGET = 16.2;
				MTL_ENABLE_DEBUG_INFO = NO;
				MTL_FAST_MATH = YES;
				SDKROOT = iphoneos;
				SWIFT_COMPILATION_MODE = wholemodule;
				SWIFT_OPTIMIZATION_LEVEL = "-O";
				VALIDATE_PRODUCT = YES;
			};
			name = Release;
		};
		04FD64B729E4F91B00C99621 /* Debug */ = {
			isa = XCBuildConfiguration;
			buildSettings = {
				ASSETCATALOG_COMPILER_APPICON_NAME = AppIcon;
				ASSETCATALOG_COMPILER_GLOBAL_ACCENT_COLOR_NAME = AccentColor;
				CODE_SIGN_STYLE = Automatic;
				CURRENT_PROJECT_VERSION = 1;
				DEVELOPMENT_ASSET_PATHS = "\"0706012110048-JovanLouisLemuel-AFL3/Preview Content\"";
				DEVELOPMENT_TEAM = 3253VKLVGV;
				ENABLE_PREVIEWS = YES;
				GENERATE_INFOPLIST_FILE = YES;
				INFOPLIST_KEY_UIApplicationSceneManifest_Generation = YES;
				INFOPLIST_KEY_UIApplicationSupportsIndirectInputEvents = YES;
				INFOPLIST_KEY_UILaunchScreen_Generation = YES;
				INFOPLIST_KEY_UISupportedInterfaceOrientations_iPad = "UIInterfaceOrientationPortrait UIInterfaceOrientationPortraitUpsideDown UIInterfaceOrientationLandscapeLeft UIInterfaceOrientationLandscapeRight";
				INFOPLIST_KEY_UISupportedInterfaceOrientations_iPhone = "UIInterfaceOrientationPortrait UIInterfaceOrientationLandscapeLeft UIInterfaceOrientationLandscapeRight";
				LD_RUNPATH_SEARCH_PATHS = (
					"$(inherited)",
					"@executable_path/Frameworks",
				);
				MARKETING_VERSION = 1.0;
				PRODUCT_BUNDLE_IDENTIFIER = "UC.-706012110048-JovanLouisLemuel-AFL3";
				PRODUCT_NAME = "$(TARGET_NAME)";
				SWIFT_EMIT_LOC_STRINGS = YES;
				SWIFT_VERSION = 5.0;
				TARGETED_DEVICE_FAMILY = "1,2";
			};
			name = Debug;
		};
		04FD64B829E4F91B00C99621 /* Release */ = {
			isa = XCBuildConfiguration;
			buildSettings = {
				ASSETCATALOG_COMPILER_APPICON_NAME = AppIcon;
				ASSETCATALOG_COMPILER_GLOBAL_ACCENT_COLOR_NAME = AccentColor;
				CODE_SIGN_STYLE = Automatic;
				CURRENT_PROJECT_VERSION = 1;
				DEVELOPMENT_ASSET_PATHS = "\"0706012110048-JovanLouisLemuel-AFL3/Preview Content\"";
				DEVELOPMENT_TEAM = 3253VKLVGV;
				ENABLE_PREVIEWS = YES;
				GENERATE_INFOPLIST_FILE = YES;
				INFOPLIST_KEY_UIApplicationSceneManifest_Generation = YES;
				INFOPLIST_KEY_UIApplicationSupportsIndirectInputEvents = YES;
				INFOPLIST_KEY_UILaunchScreen_Generation = YES;
				INFOPLIST_KEY_UISupportedInterfaceOrientations_iPad = "UIInterfaceOrientationPortrait UIInterfaceOrientationPortraitUpsideDown UIInterfaceOrientationLandscapeLeft UIInterfaceOrientationLandscapeRight";
				INFOPLIST_KEY_UISupportedInterfaceOrientations_iPhone = "UIInterfaceOrientationPortrait UIInterfaceOrientationLandscapeLeft UIInterfaceOrientationLandscapeRight";
				LD_RUNPATH_SEARCH_PATHS = (
					"$(inherited)",
					"@executable_path/Frameworks",
				);
				MARKETING_VERSION = 1.0;
				PRODUCT_BUNDLE_IDENTIFIER = "UC.-706012110048-JovanLouisLemuel-AFL3";
				PRODUCT_NAME = "$(TARGET_NAME)";
				SWIFT_EMIT_LOC_STRINGS = YES;
				SWIFT_VERSION = 5.0;
				TARGETED_DEVICE_FAMILY = "1,2";
			};
			name = Release;
		};
/* End XCBuildConfiguration section */

/* Begin XCConfigurationList section */
		04FD64A329E4F91A00C99621 /* Build configuration list for PBXProject "0706012110048-JovanLouisLemuel-AFL3" */ = {
			isa = XCConfigurationList;
			buildConfigurations = (
				04FD64B429E4F91B00C99621 /* Debug */,
				04FD64B529E4F91B00C99621 /* Release */,
			);
			defaultConfigurationIsVisible = 0;
			defaultConfigurationName = Release;
		};
		04FD64B629E4F91B00C99621 /* Build configuration list for PBXNativeTarget "0706012110048-JovanLouisLemuel-AFL3" */ = {
			isa = XCConfigurationList;
			buildConfigurations = (
				04FD64B729E4F91B00C99621 /* Debug */,
				04FD64B829E4F91B00C99621 /* Release */,
			);
			defaultConfigurationIsVisible = 0;
			defaultConfigurationName = Release;
		};
/* End XCConfigurationList section */
	};
	rootObject = 04FD64A029E4F91A00C99621 /* Project object */;
}
